" Generated by vim-plug
" Pá 27. srpna 2021, 23:09:54
" :source this file in vim to restore the snapshot
" or execute: vim -S snapshot.vim

silent! let g:plugs['auto-pairs'].commit = '39f06b873a8449af8ff6a3eee716d3da14d63a76'
silent! let g:plugs['formatter.nvim'].commit = '4c18101908b4a345257b68bbd70ae7a1fe80914a'
silent! let g:plugs['fzf-lsp.nvim'].commit = '6683718524adec3ce58c848706bcc7f3aa6a09a1'
silent! let g:plugs['fzf.vim'].commit = 'e34f6c129d39b90db44df1107c8b7dfacfd18946'
silent! let g:plugs['lightline-bufferline'].commit = '2d2e57009a613c3c6cb7a2112d822ef91024cc38'
silent! let g:plugs['lightline.vim'].commit = 'b06d921023cf6536bcbee5754071d122296e8942'
silent! let g:plugs['lspsaga.nvim'].commit = 'cb0e35d2e594ff7a9c408d2e382945d56336c040'
silent! let g:plugs['nvcode-color-schemes.vim'].commit = '3a0e624a67ecd2c7f990bc3c25a1044e85782b10'
silent! let g:plugs['nvim-compe'].commit = 'cfbcd727d97958943c0d94e8a8126abe27294ad3'
silent! let g:plugs['nvim-lightline-lsp'].commit = '6d1fee29842beadab4466661c1cbb43166151468'
silent! let g:plugs['nvim-lspconfig'].commit = 'cf0c25e372a6ee26f8a4254d6adb34021fec1a4c'
silent! let g:plugs['nvim-treesitter'].commit = '27f5e99cdd1b4e7f6a5cc30016d990ebf81a561c'
silent! let g:plugs['rnvimr'].commit = '75eb226fe32ef18add0fc70715cbcc7550ecb698'
silent! let g:plugs['tagalong.vim'].commit = 'e04ed6f46da5b55450a52e7de1025f1486d55839'
silent! let g:plugs['vim-bbye'].commit = '25ef93ac5a87526111f43e5110675032dbcacf56'
silent! let g:plugs['vim-css-color'].commit = '7337c35588e9027b516f80f03c3b9621a271e168'
silent! let g:plugs['vim-cursorword'].commit = 'cc8114226ceefb5cafe1890e0900d3efb7dab1fd'
silent! let g:plugs['vim-fugitive'].commit = 'f3e92c7721505a59738db15e3e80bc5ccff08e36'
silent! let g:plugs['vim-gitgutter'].commit = '549fb96d5890d5225afda070ca041468c2c770e5'
silent! let g:plugs['vim-repeat'].commit = '24afe922e6a05891756ecf331f39a1f6743d3d5a'
silent! let g:plugs['vim-surround'].commit = 'f51a26d3710629d031806305b6c8727189cd1935'
silent! let g:plugs['vim-tmux-navigator'].commit = '0cabb1ef01af0986b7bf6fb7acf631debdbbb470'
silent! let g:plugs['vim-workspace'].commit = '5c0025feecc24052ce8bf5aa0d16a10df2db1ea5'

PlugUpdate!

