" Generated by vim-plug
" Út 4. října 2022, 22:23:52
" :source this file in vim to restore the snapshot
" or execute: vim -S snapshot.vim

silent! let g:plugs['bufdelete.nvim'].commit = '46255e4a76c4fb450a94885527f5e58a7d96983c'
silent! let g:plugs['cmp-buffer'].commit = '3022dbc9166796b644a841a02de8dd1cc1d311fa'
silent! let g:plugs['cmp-nvim-lsp'].commit = 'affe808a5c56b71630f17aa7c38e15c59fd648a8'
silent! let g:plugs['cmp-tmux'].commit = 'e32f2f1417c9ff307ad348a134788eabd76c6112'
silent! let g:plugs['cmp-treesitter'].commit = '5f695e4173ad74a4c8dbbfd8990286464bf69293'
silent! let g:plugs['cmp-vsnip'].commit = '0abfa1860f5e095a07c477da940cfcb0d273b700'
silent! let g:plugs['formatter.nvim'].commit = '88aa63ba216708611b472d8737b96af71c2f3785'
silent! let g:plugs['fzf-lua'].commit = 'e7c610889ff954101c644cdb9cf68e499a3751ac'
silent! let g:plugs['gitsigns.nvim'].commit = 'f98c85e7c3d65a51f45863a34feb4849c82f240f'
silent! let g:plugs['lspsaga.nvim'].commit = '9ec569a49aa7ff265764081acff9e5da839c13fe'
silent! let g:plugs['lualine.nvim'].commit = 'a52f078026b27694d2290e34efa61a6e4a690621'
silent! let g:plugs['nvcode-color-schemes.vim'].commit = '3a0e624a67ecd2c7f990bc3c25a1044e85782b10'
silent! let g:plugs['nvim-autopairs'].commit = '4fc96c8f3df89b6d23e5092d31c866c53a346347'
silent! let g:plugs['nvim-cmp'].commit = 'b0dff0ec4f2748626aae13f011d1a47071fe9abc'
silent! let g:plugs['nvim-lspconfig'].commit = 'fc2f44dc6024bddb75b82e471c642ad1f4483094'
silent! let g:plugs['nvim-surround'].commit = '17191679202978b1de8c1bd5d975400897b1b92d'
silent! let g:plugs['nvim-treesitter'].commit = 'ffd4525fd9e61950520cea4737abc1800ad4aabb'
silent! let g:plugs['nvim-ts-autotag'].commit = 'fdefe46c6807441460f11f11a167a2baf8e4534b'
silent! let g:plugs['plenary.nvim'].commit = '4b7e52044bbb84242158d977a50c4cbcd85070c7'
silent! let g:plugs['rnvimr'].commit = '3880980edd3c4d9a2eb2f06cf351c7aa458560c1'
silent! let g:plugs['rust-tools.nvim'].commit = '86a2b4e31f504c00715d0dd082a6b8b5d4afbf03'
silent! let g:plugs['vim-css-color'].commit = '8bf943681f92c81a8cca19762a1ccec8bc29098a'
silent! let g:plugs['vim-cursorword'].commit = 'cc8114226ceefb5cafe1890e0900d3efb7dab1fd'
silent! let g:plugs['vim-fugitive'].commit = 'dd8107cabf5fe85df94d5eedcae52415e543f208'
silent! let g:plugs['vim-tmux-navigator'].commit = 'afb45a55b452b9238159047ce7c6e161bd4a9907'
silent! let g:plugs['vim-vsnip'].commit = '8f199ef690ed26dcbb8973d9a6760d1332449ac9'
silent! let g:plugs['vim-workspace'].commit = 'c26b473f9b073f24bacecd38477f44c5cd1f5a62'

PlugUpdate!

