" Generated by vim-plug
" St 15. února 2023, 12:17:39
" :source this file in vim to restore the snapshot
" or execute: vim -S snapshot.vim

silent! let g:plugs['Comment.nvim'].commit = '418d3117dab2f54c4340ea73e0070dd78fc81753'
silent! let g:plugs['aerial.nvim'].commit = '89031be806abded509a7bafd99bd9944eb5108a5'
silent! let g:plugs['bufdelete.nvim'].commit = 'f79e9d186b42fba5f1b1362006e7c70240db97a4'
silent! let g:plugs['cmp-buffer'].commit = '3022dbc9166796b644a841a02de8dd1cc1d311fa'
silent! let g:plugs['cmp-nvim-lsp'].commit = '0e6b2ed705ddcff9738ec4ea838141654f12eeef'
silent! let g:plugs['cmp-tmux'].commit = '984772716f66d8ee88535a6bf3f94c4b4e1301f5'
silent! let g:plugs['cmp-treesitter'].commit = 'b40178b780d547bcf131c684bc5fd41af17d05f2'
silent! let g:plugs['cmp-vsnip'].commit = '989a8a73c44e926199bfd05fa7a516d51f2d2752'
silent! let g:plugs['eyeliner.nvim'].commit = 'e1df20beed2560914492db95ee7675d44c4ce96f'
silent! let g:plugs['formatter.nvim'].commit = '8a4c961330cc4688087f23d18fa7d2f1af9a4902'
silent! let g:plugs['fzf-lua'].commit = '9be7f26e486fe42ceeaeb4a6bb686e9554dd04b5'
silent! let g:plugs['gitsigns.nvim'].commit = '4bd5d7702c17643ff40c035b6b936757b99743c7'
silent! let g:plugs['lspsaga.nvim'].commit = '5faeec9f2508d2d49a66c0ac0d191096b4e3fa81'
silent! let g:plugs['lualine.nvim'].commit = 'e99d733e0213ceb8f548ae6551b04ae32e590c80'
silent! let g:plugs['nightfox.nvim'].commit = '14489dfa8c4241a919845ed9101fae074234f35b'
silent! let g:plugs['noice.nvim'].commit = 'd8a1f3056ad713b5d471048f8d029264828e22c0'
silent! let g:plugs['nui.nvim'].commit = 'd147222a1300901656f3ebd5b95f91732785a329'
silent! let g:plugs['nvim-autopairs'].commit = '45ae3122a4c7744db41298b41f9f5a3f092123e6'
silent! let g:plugs['nvim-cmp'].commit = 'c4128bcd131fb7152bda8f8dd2b5e41d2fefa88c'
silent! let g:plugs['nvim-lspconfig'].commit = 'e20d77deac40e6e65d036acd60aff474c0f09282'
silent! let g:plugs['nvim-surround'].commit = '90821ad682aac189cd0a38fd83fc96f0cbcc5d29'
silent! let g:plugs['nvim-treesitter'].commit = '73559e3793b37f739a66cadc251dba378dc77527'
silent! let g:plugs['nvim-ts-autotag'].commit = 'fdefe46c6807441460f11f11a167a2baf8e4534b'
silent! let g:plugs['plenary.nvim'].commit = '9a0d3bf7b832818c042aaf30f692b081ddd58bd9'
silent! let g:plugs['refactoring.nvim'].commit = '57c32c6b7a211e5a3a5e4ddc4ad2033daff5cf9a'
silent! let g:plugs['rnvimr'].commit = '40b4e0be0231eabc7406168b432d507c6b6332f9'
silent! let g:plugs['rust-tools.nvim'].commit = 'bd1aa99ffb911a1cf99b3fcf3b44c0391c57e3ef'
silent! let g:plugs['vim-css-color'].commit = '1c4b78f5512980227ca747e76f1f6c904f2eb3dc'
silent! let g:plugs['vim-cursorword'].commit = '371fdd7fa8817c28aa09d181cfcfa3c7ca29bf56'
silent! let g:plugs['vim-fugitive'].commit = '62f42f013d866139fa23068ac2651b3f7e05a56f'
silent! let g:plugs['vim-tmux-navigator'].commit = 'cdd66d6a37d991bba7997d593586fc51a5b37aa8'
silent! let g:plugs['vim-vsnip'].commit = '8dde8c0ef10bb1afdbb301e2bd7eb1c153dd558e'
silent! let g:plugs['vim-workspace'].commit = 'c26b473f9b073f24bacecd38477f44c5cd1f5a62'

PlugUpdate!

